{
	"name": "ssh-ca-client-e2e-ca",
	"lockfileVersion": 3,
	"requires": true,
	"packages": {
		"": {
			"name": "ssh-ca-client-e2e-ca",
			"dependencies": {
				"@andrewheberle/serverless-ssh-ca": "0.18.2"
			},
			"engines": {
				"node": ">=22.5.0"
			}
		},
		"node_modules/@andrewheberle/serverless-ssh-ca": {
			"version": "0.18.2",
			"resolved": "https://registry.npmjs.org/@andrewheberle/serverless-ssh-ca/-/serverless-ssh-ca-0.18.2.tgz",
			"integrity": "sha512-xhmeh+6ozNs9zEG4PEcq6yu6F4SfZYja7AB6G15rdKFVubN1eOX5m/stCvNA2geX+6qeO3FU2dy6FYI7gqhzbw==",
			"license": "Apache-2.0",
			"dependencies": {
				"@andrewheberle/ts-slog": "^1.3.0",
				"@cloudflare/workers-types": "^5.0.0",
				"chanfana": "^3.0.0",
				"hono": "^4.10.6",
				"itty-time": "^2.0.2",
				"jose": "^6.0.12",
				"sshpk": "^1.18.0",
				"workers-qb": "^1.14.0",
				"zod": "^4.0.0"
			}
		},
		"node_modules/@andrewheberle/ts-slog": {
			"version": "1.5.0",
			"resolved": "https://registry.npmjs.org/@andrewheberle/ts-slog/-/ts-slog-1.5.0.tgz",
			"integrity": "sha512-xLMZlazCNsEWiMidt0rW/CphapvVLIE3HijYwPJ5ZAoyAUAyWueo6+n2C75OoIZNVtiC8TbwF52OFkDNIFNJDA==",
			"license": "MIT"
		},
		"node_modules/@asteasolutions/zod-to-openapi": {
			"version": "8.5.0",
			"resolved": "https://registry.npmjs.org/@asteasolutions/zod-to-openapi/-/zod-to-openapi-8.5.0.tgz",
			"integrity": "sha512-SABbKiObg5dLRiTFnqiW1WWwGcg1BJfmHtT2asIBnBHg6Smy/Ms2KHc650+JI4Hw7lSkdiNebEGXpwoxfben8Q==",
			"license": "MIT",
			"dependencies": {
				"openapi3-ts": "^4.1.2"
			},
			"peerDependencies": {
				"zod": "^4.0.0"
			}
		},
		"node_modules/@cloudflare/workers-types": {
			"version": "5.20261006.1",
			"resolved": "https://registry.npmjs.org/@cloudflare/workers-types/-/workers-types-5.20261006.1.tgz",
			"integrity": "sha512-5OclwQK1d8f5LCPvOlyldC3ryKLUa4nLXegcgPZeUxAPudczQ9xujJDdpS2Tenp7JqbBLW3OgGciHJmuc7QShg==",
			"license": "MIT OR Apache-2.0"
		},
		"node_modules/argparse": {
			"version": "2.0.1",
			"resolved": "https://registry.npmjs.org/argparse/-/argparse-2.0.1.tgz",
			"integrity": "sha512-8+9WqebbFzpX9OR+Wa6O29asIogeRMzcGtAINdpMHHyAg10f05aSFVBbcEqGf/PXw1EjAZ+q2/bEBg3DvurK3Q==",
			"license": "Python-2.0"
		},
		"node_modules/asn1": {
			"version": "0.2.6",
			"resolved": "https://registry.npmjs.org/asn1/-/asn1-0.2.6.tgz",
			"integrity": "sha512-ix/FxPn0MDjeyJ7i/yoHGFt/EX6LyNbxSEhPPXODPL+KB0VPk86UYfL0lMdy+KCnv+fmvIzySwaK5COwqVbWTQ==",
			"license": "MIT",
			"dependencies": {
				"safer-buffer": "~2.1.0"
			}
		},
		"node_modules/assert-plus": {
			"version": "1.0.0",
			"resolved": "https://registry.npmjs.org/assert-plus/-/assert-plus-1.0.0.tgz",
			"integrity": "sha512-NfJ4UzBCcQGLDlQq7nHxH+tv3kyZ0hHQqF5BO6J7tNJeP5do1llPr8dZ8zHonfhAu0PHAdMkSo+8o0wxg9lZWw==",
			"license": "MIT",
			"engines": {
				"node": ">=0.8"
			}
		},
		"node_modules/bcrypt-pbkdf": {
			"version": "1.0.2",
			"resolved": "https://registry.npmjs.org/bcrypt-pbkdf/-/bcrypt-pbkdf-1.0.2.tgz",
			"integrity": "sha512-qeFIXtP4MSoi6NLqO12WfqARWWuCKi2Rn/9hJLEmtB5yTNr9DqFWkJRCf2qShWzPeAMRnOgCrq0sg/KLv5ES9w==",
			"license": "BSD-3-Clause",
			"dependencies": {
				"tweetnacl": "^0.14.3"
			}
		},
		"node_modules/chanfana": {
			"version": "3.4.0",
			"resolved": "https://registry.npmjs.org/chanfana/-/chanfana-3.4.0.tgz",
			"integrity": "sha512-zNXyjQWnuhxd2m5QOQjAT7dCi8jg/SXckhD3y/Z6PKJfsf/XfSlvxyxFJpJh8O19lrvrsM4SUgEz2628imtWJQ==",
			"license": "MIT",
			"dependencies": {
				"@asteasolutions/zod-to-openapi": "^8.5.0",
				"js-yaml": "^4.3.1",
				"openapi3-ts": "^4.6.1",
				"yargs-parser": "^22.0.0",
				"zod": "^4.4.3"
			},
			"bin": {
				"chanfana": "dist/cli.js"
			},
			"engines": {
				"node": ">=18"
			}
		},
		"node_modules/dashdash": {
			"version": "1.14.1",
			"resolved": "https://registry.npmjs.org/dashdash/-/dashdash-1.14.1.tgz",
			"integrity": "sha512-jRFi8UDGo6j+odZiEpjazZaWqEal3w/basFjQHQEwVtZJGDpxbH1MeYluwCS8Xq5wmLJooDlMgvVarmWfGM44g==",
			"license": "MIT",
			"dependencies": {
				"assert-plus": "^1.0.0"
			},
			"engines": {
				"node": ">=0.10"
			}
		},
		"node_modules/ecc-jsbn": {
			"version": "0.1.2",
			"resolved": "https://registry.npmjs.org/ecc-jsbn/-/ecc-jsbn-0.1.2.tgz",
			"integrity": "sha512-eh9O+hwRHNbG4BLTjEl3nw044CkGm5X6LoaCf7LPp7UU8Qrt47JYNi6nPX8xjW97TKGKm1ouctg0QSpZe9qrnw==",
			"license": "MIT",
			"dependencies": {
				"jsbn": "~0.1.0",
				"safer-buffer": "^2.1.0"
			}
		},
		"node_modules/getpass": {
			"version": "0.1.7",
			"resolved": "https://registry.npmjs.org/getpass/-/getpass-0.1.7.tgz",
			"integrity": "sha512-0fzj9JxOLfJ+XGLhR8ze3unN0KZCgZwiSSDz168VERjK8Wl8kVSdcu2kspd4s4wtAa1y/qrVRiAA0WclVsu0ng==",
			"license": "MIT",
			"dependencies": {
				"assert-plus": "^1.0.0"
			}
		},
		"node_modules/hono": {
			"version": "4.13.13",
			"resolved": "https://registry.npmjs.org/hono/-/hono-4.13.13.tgz",
			"integrity": "sha512-CQ46U0ZkAGmbT/4UxdzzGJpacP2IeKgY4a5/tOI9AABbpOMfK739wfDXmv1usCk+3RkKj1hQy4/fjhiwa2xlrA==",
			"license": "MIT",
			"engines": {
				"node": ">=16.9.0"
			}
		},
		"node_modules/itty-time": {
			"version": "2.0.2",
			"resolved": "https://registry.npmjs.org/itty-time/-/itty-time-2.0.2.tgz",
			"integrity": "sha512-95U9Xo3Qggz/e82ewZQJw8x76HgiMvbrijzoPy6nCTae4FZEwbcVJgrB57Kvddf8Q5pQdgJKTX6euFJpDr6Low==",
			"license": "MIT"
		},
		"node_modules/jose": {
			"version": "6.2.12",
			"resolved": "https://registry.npmjs.org/jose/-/jose-6.2.12.tgz",
			"integrity": "sha512-9NiFmJEex0sy2Dk58j2UGBSHgUs2ypF9eZSu4L6vjOX3Dp96Sw1F3uL+H+D1sx02jZZdzUT0HgvCy59CuvXcWw==",
			"license": "MIT",
			"funding": {
				"url": "https://github.com/sponsors/panva"
			}
		},
		"node_modules/js-yaml": {
			"version": "4.3.2",
			"resolved": "https://registry.npmjs.org/js-yaml/-/js-yaml-4.3.2.tgz",
			"integrity": "sha512-SFNOvSJ+Dgf/9An904Yx+CgSlIPCkIpao4qo51lpee25TIRejdH3rhR4EZMGoNx3/TP3O+wzWuiTFl4sqbltzA==",
			"funding": [
				{
					"type": "github",
					"url": "https://github.com/sponsors/puzrin"
				},
				{
					"type": "github",
					"url": "https://github.com/sponsors/nodeca"
				}
			],
			"license": "MIT",
			"dependencies": {
				"argparse": "^2.0.1"
			},
			"bin": {
				"js-yaml": "bin/js-yaml.js"
			}
		},
		"node_modules/jsbn": {
			"version": "0.1.1",
			"resolved": "https://registry.npmjs.org/jsbn/-/jsbn-0.1.1.tgz",
			"integrity": "sha512-UVU9dibq2JcFWxQPA6KCqj5O42VOmAY3zQUfEKxU0KpTGXwNoCjkX1e13eHNvw/xPynt6pU0rZ1htjWTNTSXsg==",
			"license": "MIT"
		},
		"node_modules/openapi3-ts": {
			"version": "4.6.1",
			"resolved": "https://registry.npmjs.org/openapi3-ts/-/openapi3-ts-4.6.1.tgz",
			"integrity": "sha512-XW9MOldkhoICNeXVzzmXzmOW5G73ppOEGmh7fLCqHjgfdEYCGGN+00MlVCeUZgovjjfC56j9tvtDt1zGabNjjA==",
			"license": "MIT",
			"dependencies": {
				"yaml": "^2.9.0"
			}
		},
		"node_modules/safer-buffer": {
			"version": "2.1.2",
			"resolved": "https://registry.npmjs.org/safer-buffer/-/safer-buffer-2.1.2.tgz",
			"integrity": "sha512-YZo3K82SD7Riyi0E1EQPojLz7kpepnSQI9IyPbHHg1XXXevb5dJI7tpyN2ADxGcQbHG7vcyRHk0cbwqcQriUtg==",
			"license": "MIT"
		},
		"node_modules/sshpk": {
			"version": "1.18.0",
			"resolved": "https://registry.npmjs.org/sshpk/-/sshpk-1.18.0.tgz",
			"integrity": "sha512-2p2KJZTSqQ/I3+HX42EpYOa2l3f8Erv8MWKsy2I9uf4wA7yFIkXRffYdsx86y6z4vHtV8u7g+pPlr8/4ouAxsQ==",
			"license": "MIT",
			"dependencies": {
				"asn1": "~0.2.3",
				"assert-plus": "^1.0.0",
				"bcrypt-pbkdf": "^1.0.0",
				"dashdash": "^1.12.0",
				"ecc-jsbn": "~0.1.1",
				"getpass": "^0.1.1",
				"jsbn": "~0.1.0",
				"safer-buffer": "^2.0.2",
				"tweetnacl": "~0.14.0"
			},
			"bin": {
				"sshpk-conv": "bin/sshpk-conv",
				"sshpk-sign": "bin/sshpk-sign",
				"sshpk-verify": "bin/sshpk-verify"
			},
			"engines": {
				"node": ">=0.10.0"
			}
		},
		"node_modules/tweetnacl": {
			"version": "0.14.5",
			"resolved": "https://registry.npmjs.org/tweetnacl/-/tweetnacl-0.14.5.tgz",
			"integrity": "sha512-KXXFFdAbFXY4geFIwoyNK+f5Z1b7swfXABfL7HXCmoIWMKU3dmS26672A4EeQtDzLKy7SXmfBu51JolvEKwtGA==",
			"license": "Unlicense"
		},
		"node_modules/workers-qb": {
			"version": "1.15.0",
			"resolved": "https://registry.npmjs.org/workers-qb/-/workers-qb-1.15.0.tgz",
			"integrity": "sha512-dz5PU0I0w3qOpd7SgxEfo8UG1zxi3McBiOH51BP2CEPvNsoxt1ihA59/uOxFEsUI3hlQ1JsKOpQYmg3zYSMImQ==",
			"license": "MIT"
		},
		"node_modules/yaml": {
			"version": "2.9.1",
			"resolved": "https://registry.npmjs.org/yaml/-/yaml-2.9.1.tgz",
			"integrity": "sha512-3NxN8+78OdzbT7C/WjGsyfPAtJaN3FNDsWxv7Y7mcDsT/oOmgW8BpyQQFFBnvZE3j9Y2Sdz1ULFLezL7Eb2yFw==",
			"license": "ISC",
			"bin": {
				"yaml": "bin.mjs"
			},
			"engines": {
				"node": ">= 14.6"
			},
			"funding": {
				"url": "https://github.com/sponsors/eemeli"
			}
		},
		"node_modules/yargs-parser": {
			"version": "22.0.0",
			"resolved": "https://registry.npmjs.org/yargs-parser/-/yargs-parser-22.0.0.tgz",
			"integrity": "sha512-rwu/ClNdSMpkSrUb+d6BRsSkLUq1fmfsY6TOpYzTwvwkg1/NRG85KBy3kq++A8LKQwX6lsu+aWad+2khvuXrqw==",
			"license": "ISC",
			"engines": {
				"node": "^20.19.0 || ^22.12.0 || >=23"
			}
		},
		"node_modules/zod": {
			"version": "4.6.5",
			"resolved": "https://registry.npmjs.org/zod/-/zod-4.6.5.tgz",
			"integrity": "sha512-v5l/aFXZQeai4awLbOpSoHecE9UiMrnfx75tEXLjNonXVARxQ5mOeipTjROUchszUNCqnE+hqAMujRsRHsut2Q==",
			"license": "MIT",
			"funding": {
				"url": "https://github.com/sponsors/colinhacks"
			}
		}
	}
}
